{
  "name": "projeto-react",
  "version": "0.1.0",
  "lockfileVersion": 2,
  "requires": true,
  "packages": {
    "": {
      "devDependencies": {
        "@mdx-js/react": "^1.6.22"
      }
    },
    "node_modules/@mdx-js/react": {
      "version": "1.6.22",
      "resolved": "https://registry.npmjs.org/@mdx-js/react/-/react-1.6.22.tgz",
      "integrity": "sha512-TDoPum4SHdfPiGSAaRBw7ECyI8VaHpK8GJugbJIJuqyh6kzw9ZLJZW3HGL3NNrJGxcAixUvqROm+YuQOo5eXtg==",
      "dev": true,
      "funding": {
        "type": "opencollective",
        "url": "https://opencollective.com/unified"
      },
      "peerDependencies": {
        "react": "^16.13.1 || ^17.0.0"
      }
    }
  },
  "dependencies": {
    "@mdx-js/react": {
      "version": "1.6.22",
      "resolved": "https://registry.npmjs.org/@mdx-js/react/-/react-1.6.22.tgz",
      "integrity": "sha512-TDoPum4SHdfPiGSAaRBw7ECyI8VaHpK8GJugbJIJuqyh6kzw9ZLJZW3HGL3NNrJGxcAixUvqROm+YuQOo5eXtg==",
      "dev": true
    }
  }
}
